
Microsoft Visual Studio Solution File, Format Version 12.00
# Visual Studio Version 17
VisualStudioVersion = 17.14.36414.22 d17.14
MinimumVisualStudioVersion = 10.0.40219.1
Project("{FAE04EC0-301F-11D3-BF4B-00C04F79EFBC}") = "capstone-backend", "capstone-backend\capstone-backend.csproj", "{11AB66A3-DF76-4D7D-B72F-9AC6572F7BBB}"
EndProject
Project("{FAE04EC0-301F-11D3-BF4B-00C04F79EFBC}") = "capstone-backend.tests", "capstone-backend.tests\capstone-backend.tests.csproj", "{6C827CD5-3EAD-4D38-B3BA-D59028AE0BA4}"
EndProject
Global
	GlobalSection(SolutionConfigurationPlatforms) = preSolution
		Debug|Any CPU = Debug|Any CPU
		Release|Any CPU = Release|Any CPU
	EndGlobalSection
	GlobalSection(ProjectConfigurationPlatforms) = postSolution
		{11AB66A3-DF76-4D7D-B72F-9AC6572F7BBB}.Debug|Any CPU.ActiveCfg = Debug|Any CPU
		{11AB66A3-DF76-4D7D-B72F-9AC6572F7BBB}.Debug|Any CPU.Build.0 = Debug|Any CPU
		{11AB66A3-DF76-4D7D-B72F-9AC6572F7BBB}.Release|Any CPU.ActiveCfg = Release|Any CPU
		{11AB66A3-DF76-4D7D-B72F-9AC6572F7BBB}.Release|Any CPU.Build.0 = Release|Any CPU
		{6C827CD5-3EAD-4D38-B3BA-D59028AE0BA4}.Debug|Any CPU.ActiveCfg = Debug|Any CPU
		{6C827CD5-3EAD-4D38-B3BA-D59028AE0BA4}.Debug|Any CPU.Build.0 = Debug|Any CPU
		{6C827CD5-3EAD-4D38-B3BA-D59028AE0BA4}.Release|Any CPU.ActiveCfg = Release|Any CPU
		{6C827CD5-3EAD-4D38-B3BA-D59028AE0BA4}.Release|Any CPU.Build.0 = Release|Any CPU
	EndGlobalSection
	GlobalSection(SolutionProperties) = preSolution
		HideSolutionNode = FALSE
	EndGlobalSection
	GlobalSection(ExtensibilityGlobals) = postSolution
		SolutionGuid = {B02A457C-0AF2-4D41-8320-C8534346312E}
	EndGlobalSection
EndGlobal
